
Microsoft Visual Studio Solution File, Format Version 12.00
# Visual Studio Version 17
VisualStudioVersion = 17.14.36915.13
MinimumVisualStudioVersion = 10.0.40219.1
Project("{FAE04EC0-301F-11D3-BF4B-00C04F79EFBC}") = "WolfNote", "WolfNote\WolfNote.csproj", "{81769F3C-87BD-45EE-8FF4-B74C4E0BDF67}"
EndProject
Global
	GlobalSection(SolutionConfigurationPlatforms) = preSolution
		Debug|Any CPU = Debug|Any CPU
		Release|Any CPU = Release|Any CPU
	EndGlobalSection
	GlobalSection(ProjectConfigurationPlatforms) = postSolution
		{81769F3C-87BD-45EE-8FF4-B74C4E0BDF67}.Debug|Any CPU.ActiveCfg = Debug|Any CPU
		{81769F3C-87BD-45EE-8FF4-B74C4E0BDF67}.Debug|Any CPU.Build.0 = Debug|Any CPU
		{81769F3C-87BD-45EE-8FF4-B74C4E0BDF67}.Release|Any CPU.ActiveCfg = Release|Any CPU
		{81769F3C-87BD-45EE-8FF4-B74C4E0BDF67}.Release|Any CPU.Build.0 = Release|Any CPU
	EndGlobalSection
	GlobalSection(SolutionProperties) = preSolution
		HideSolutionNode = FALSE
	EndGlobalSection
	GlobalSection(ExtensibilityGlobals) = postSolution
		SolutionGuid = {1AC432C2-29A8-4D9A-B27E-8DAEF0CEFE19}
	EndGlobalSection
EndGlobal
